
Microsoft Visual Studio Solution File, Format Version 12.00
# Visual Studio Version 17
VisualStudioVersion = 17.14.36414.22 d17.14
MinimumVisualStudioVersion = 10.0.40219.1
Project("{FAE04EC0-301F-11D3-BF4B-00C04F79EFBC}") = "SidePrompterMauiApp", "SidePrompterMauiApp\SidePrompterMauiApp.csproj", "{8D8C491B-1B3D-49A3-9EBC-8DDCD05C00C2}"
EndProject
Global
	GlobalSection(SolutionConfigurationPlatforms) = preSolution
		Debug|Any CPU = Debug|Any CPU
		Release|Any CPU = Release|Any CPU
	EndGlobalSection
	GlobalSection(ProjectConfigurationPlatforms) = postSolution
		{8D8C491B-1B3D-49A3-9EBC-8DDCD05C00C2}.Debug|Any CPU.ActiveCfg = Debug|Any CPU
		{8D8C491B-1B3D-49A3-9EBC-8DDCD05C00C2}.Debug|Any CPU.Build.0 = Debug|Any CPU
		{8D8C491B-1B3D-49A3-9EBC-8DDCD05C00C2}.Release|Any CPU.ActiveCfg = Release|Any CPU
		{8D8C491B-1B3D-49A3-9EBC-8DDCD05C00C2}.Release|Any CPU.Build.0 = Release|Any CPU
	EndGlobalSection
	GlobalSection(SolutionProperties) = preSolution
		HideSolutionNode = FALSE
	EndGlobalSection
	GlobalSection(ExtensibilityGlobals) = postSolution
		SolutionGuid = {5BB488D8-22AF-48D8-BBF3-AE3E0CA31B8F}
	EndGlobalSection
EndGlobal
